
Microsoft Visual Studio Solution File, Format Version 12.00
Project("{FAE04EC0-301F-11D3-BF4B-00C04F79EFBC}") = "Api", "Api\Api.csproj", "{C25C531B-9B04-443B-B789-E841DE802FCF}"
EndProject
Project("{FAE04EC0-301F-11D3-BF4B-00C04F79EFBC}") = "Common", "Common\Common.csproj", "{D8B2FED3-3AD0-4DFF-9816-7F3162B5103F}"
EndProject
Project("{FAE04EC0-301F-11D3-BF4B-00C04F79EFBC}") = "UnitTests", "UnitTests\UnitTests.csproj", "{2892A596-6F29-46F2-A6C7-C2EF57DA3D3D}"
EndProject
Global
	GlobalSection(SolutionConfigurationPlatforms) = preSolution
		Debug|Any CPU = Debug|Any CPU
		Release|Any CPU = Release|Any CPU
	EndGlobalSection
	GlobalSection(ProjectConfigurationPlatforms) = postSolution
		{C25C531B-9B04-443B-B789-E841DE802FCF}.Debug|Any CPU.ActiveCfg = Debug|Any CPU
		{C25C531B-9B04-443B-B789-E841DE802FCF}.Debug|Any CPU.Build.0 = Debug|Any CPU
		{C25C531B-9B04-443B-B789-E841DE802FCF}.Release|Any CPU.ActiveCfg = Release|Any CPU
		{C25C531B-9B04-443B-B789-E841DE802FCF}.Release|Any CPU.Build.0 = Release|Any CPU
		{D8B2FED3-3AD0-4DFF-9816-7F3162B5103F}.Debug|Any CPU.ActiveCfg = Debug|Any CPU
		{D8B2FED3-3AD0-4DFF-9816-7F3162B5103F}.Debug|Any CPU.Build.0 = Debug|Any CPU
		{D8B2FED3-3AD0-4DFF-9816-7F3162B5103F}.Release|Any CPU.ActiveCfg = Release|Any CPU
		{D8B2FED3-3AD0-4DFF-9816-7F3162B5103F}.Release|Any CPU.Build.0 = Release|Any CPU
		{2892A596-6F29-46F2-A6C7-C2EF57DA3D3D}.Debug|Any CPU.ActiveCfg = Debug|Any CPU
		{2892A596-6F29-46F2-A6C7-C2EF57DA3D3D}.Debug|Any CPU.Build.0 = Debug|Any CPU
		{2892A596-6F29-46F2-A6C7-C2EF57DA3D3D}.Release|Any CPU.ActiveCfg = Release|Any CPU
		{2892A596-6F29-46F2-A6C7-C2EF57DA3D3D}.Release|Any CPU.Build.0 = Release|Any CPU
	EndGlobalSection
EndGlobal
